
Microsoft Visual Studio Solution File, Format Version 12.00
# Visual Studio Version 17
VisualStudioVersion = 17.1.32421.90
MinimumVisualStudioVersion = 10.0.40219.1
Project("{FAE04EC0-301F-11D3-BF4B-00C04F79EFBC}") = "csharp-oop-shop", "csharp-oop-shop.csproj", "{F861BB4B-4613-45D8-9D06-95CD7AC7B2E8}"
EndProject
Global
	GlobalSection(SolutionConfigurationPlatforms) = preSolution
		Debug|Any CPU = Debug|Any CPU
		Release|Any CPU = Release|Any CPU
	EndGlobalSection
	GlobalSection(ProjectConfigurationPlatforms) = postSolution
		{F861BB4B-4613-45D8-9D06-95CD7AC7B2E8}.Debug|Any CPU.ActiveCfg = Debug|Any CPU
		{F861BB4B-4613-45D8-9D06-95CD7AC7B2E8}.Debug|Any CPU.Build.0 = Debug|Any CPU
		{F861BB4B-4613-45D8-9D06-95CD7AC7B2E8}.Release|Any CPU.ActiveCfg = Release|Any CPU
		{F861BB4B-4613-45D8-9D06-95CD7AC7B2E8}.Release|Any CPU.Build.0 = Release|Any CPU
	EndGlobalSection
	GlobalSection(SolutionProperties) = preSolution
		HideSolutionNode = FALSE
	EndGlobalSection
	GlobalSection(ExtensibilityGlobals) = postSolution
		SolutionGuid = {7D1937A8-BB78-4CB1-860E-84D1E4BFABDD}
	EndGlobalSection
EndGlobal
